// !$*UTF8*$!
{
	archiveVersion = 1;
	classes = {
	};
	objectVersion = 55;
	objects = {

/* Begin PBXBuildFile section */
		0866FA14288E0A3E00A3ED64 /* AppDelegate.swift in Sources */ = {isa = PBXBuildFile; fileRef = 0866FA13288E0A3E00A3ED64 /* AppDelegate.swift */; };
		0866FA16288E0A3E00A3ED64 /* SceneDelegate.swift in Sources */ = {isa = PBXBuildFile; fileRef = 0866FA15288E0A3E00A3ED64 /* SceneDelegate.swift */; };
		0866FA18288E0A3E00A3ED64 /* HabitsViewController.swift in Sources */ = {isa = PBXBuildFile; fileRef = 0866FA17288E0A3E00A3ED64 /* HabitsViewController.swift */; };
		0866FA1D288E0A4200A3ED64 /* Assets.xcassets in Resources */ = {isa = PBXBuildFile; fileRef = 0866FA1C288E0A4200A3ED64 /* Assets.xcassets */; };
		0866FA20288E0A4200A3ED64 /* LaunchScreen.storyboard in Resources */ = {isa = PBXBuildFile; fileRef = 0866FA1E288E0A4200A3ED64 /* LaunchScreen.storyboard */; };
		0866FA28288E1A0A00A3ED64 /* HabitStore.swift in Sources */ = {isa = PBXBuildFile; fileRef = 0866FA27288E1A0A00A3ED64 /* HabitStore.swift */; };
		0866FA2A289092A700A3ED64 /* PublicMethods & Extns.swift in Sources */ = {isa = PBXBuildFile; fileRef = 0866FA29289092A700A3ED64 /* PublicMethods & Extns.swift */; };
		0866FA2C2890958F00A3ED64 /* Constants.swift in Sources */ = {isa = PBXBuildFile; fileRef = 0866FA2B2890958F00A3ED64 /* Constants.swift */; };
		0866FA2E28909FCA00A3ED64 /* MainTabBarController.swift in Sources */ = {isa = PBXBuildFile; fileRef = 0866FA2D28909FCA00A3ED64 /* MainTabBarController.swift */; };
		0866FA302890A9FA00A3ED64 /* InfoViewController.swift in Sources */ = {isa = PBXBuildFile; fileRef = 0866FA2F2890A9FA00A3ED64 /* InfoViewController.swift */; };
		0866FA322894AC9B00A3ED64 /* HabitViewController.swift in Sources */ = {isa = PBXBuildFile; fileRef = 0866FA312894AC9B00A3ED64 /* HabitViewController.swift */; };
		089B738328A70C4600AF5E23 /* TinyConstraints in Frameworks */ = {isa = PBXBuildFile; productRef = 089B738228A70C4600AF5E23 /* TinyConstraints */; };
		089B738528AAEB5D00AF5E23 /* InfoTableViewCell.swift in Sources */ = {isa = PBXBuildFile; fileRef = 089B738428AAEB5D00AF5E23 /* InfoTableViewCell.swift */; };
		08A5668F2898818000564407 /* HabitDetailsViewController.swift in Sources */ = {isa = PBXBuildFile; fileRef = 08A5668E2898817F00564407 /* HabitDetailsViewController.swift */; };
		08A56691289C9C7100564407 /* HabitDetailsTableViewCell.swift in Sources */ = {isa = PBXBuildFile; fileRef = 08A56690289C9C7100564407 /* HabitDetailsTableViewCell.swift */; };
		08A56693289EA85500564407 /* HabitsCollectionViewCell.swift in Sources */ = {isa = PBXBuildFile; fileRef = 08A56692289EA85500564407 /* HabitsCollectionViewCell.swift */; };
		08A56695289EBEDA00564407 /* ProgressCollectionViewCell.swift in Sources */ = {isa = PBXBuildFile; fileRef = 08A56694289EBEDA00564407 /* ProgressCollectionViewCell.swift */; };
		08A5669728A0076000564407 /* ColorPickerViewController.swift in Sources */ = {isa = PBXBuildFile; fileRef = 08A5669628A0076000564407 /* ColorPickerViewController.swift */; };
/* End PBXBuildFile section */

/* Begin PBXFileReference section */
		0866FA10288E0A3E00A3ED64 /* MyHabits.app */ = {isa = PBXFileReference; explicitFileType = wrapper.application; includeInIndex = 0; path = MyHabits.app; sourceTree = BUILT_PRODUCTS_DIR; };
		0866FA13288E0A3E00A3ED64 /* AppDelegate.swift */ = {isa = PBXFileReference; lastKnownFileType = sourcecode.swift; path = AppDelegate.swift; sourceTree = "<group>"; };
		0866FA15288E0A3E00A3ED64 /* SceneDelegate.swift */ = {isa = PBXFileReference; lastKnownFileType = sourcecode.swift; path = SceneDelegate.swift; sourceTree = "<group>"; };
		0866FA17288E0A3E00A3ED64 /* HabitsViewController.swift */ = {isa = PBXFileReference; lastKnownFileType = sourcecode.swift; path = HabitsViewController.swift; sourceTree = "<group>"; };
		0866FA1C288E0A4200A3ED64 /* Assets.xcassets */ = {isa = PBXFileReference; lastKnownFileType = folder.assetcatalog; path = Assets.xcassets; sourceTree = "<group>"; };
		0866FA1F288E0A4200A3ED64 /* Base */ = {isa = PBXFileReference; lastKnownFileType = file.storyboard; name = Base; path = Base.lproj/LaunchScreen.storyboard; sourceTree = "<group>"; };
		0866FA21288E0A4200A3ED64 /* Info.plist */ = {isa = PBXFileReference; lastKnownFileType = text.plist.xml; path = Info.plist; sourceTree = "<group>"; };
		0866FA27288E1A0A00A3ED64 /* HabitStore.swift */ = {isa = PBXFileReference; lastKnownFileType = sourcecode.swift; path = HabitStore.swift; sourceTree = "<group>"; };
		0866FA29289092A700A3ED64 /* PublicMethods & Extns.swift */ = {isa = PBXFileReference; lastKnownFileType = sourcecode.swift; path = "PublicMethods & Extns.swift"; sourceTree = "<group>"; };
		0866FA2B2890958F00A3ED64 /* Constants.swift */ = {isa = PBXFileReference; lastKnownFileType = sourcecode.swift; path = Constants.swift; sourceTree = "<group>"; };
		0866FA2D28909FCA00A3ED64 /* MainTabBarController.swift */ = {isa = PBXFileReference; lastKnownFileType = sourcecode.swift; path = MainTabBarController.swift; sourceTree = "<group>"; };
		0866FA2F2890A9FA00A3ED64 /* InfoViewController.swift */ = {isa = PBXFileReference; lastKnownFileType = sourcecode.swift; path = InfoViewController.swift; sourceTree = "<group>"; };
		0866FA312894AC9B00A3ED64 /* HabitViewController.swift */ = {isa = PBXFileReference; lastKnownFileType = sourcecode.swift; path = HabitViewController.swift; sourceTree = "<group>"; };
		089B738428AAEB5D00AF5E23 /* InfoTableViewCell.swift */ = {isa = PBXFileReference; lastKnownFileType = sourcecode.swift; path = InfoTableViewCell.swift; sourceTree = "<group>"; };
		08A5668E2898817F00564407 /* HabitDetailsViewController.swift */ = {isa = PBXFileReference; lastKnownFileType = sourcecode.swift; path = HabitDetailsViewController.swift; sourceTree = "<group>"; };
		08A56690289C9C7100564407 /* HabitDetailsTableViewCell.swift */ = {isa = PBXFileReference; lastKnownFileType = sourcecode.swift; path = HabitDetailsTableViewCell.swift; sourceTree = "<group>"; };
		08A56692289EA85500564407 /* HabitsCollectionViewCell.swift */ = {isa = PBXFileReference; lastKnownFileType = sourcecode.swift; path = HabitsCollectionViewCell.swift; sourceTree = "<group>"; };
		08A56694289EBEDA00564407 /* ProgressCollectionViewCell.swift */ = {isa = PBXFileReference; lastKnownFileType = sourcecode.swift; path = ProgressCollectionViewCell.swift; sourceTree = "<group>"; };
		08A5669628A0076000564407 /* ColorPickerViewController.swift */ = {isa = PBXFileReference; lastKnownFileType = sourcecode.swift; path = ColorPickerViewController.swift; sourceTree = "<group>"; };
/* End PBXFileReference section */

/* Begin PBXFrameworksBuildPhase section */
		0866FA0D288E0A3E00A3ED64 /* Frameworks */ = {
			isa = PBXFrameworksBuildPhase;
			buildActionMask = 2147483647;
			files = (
				089B738328A70C4600AF5E23 /* TinyConstraints in Frameworks */,
			);
			runOnlyForDeploymentPostprocessing = 0;
		};
/* End PBXFrameworksBuildPhase section */

/* Begin PBXGroup section */
		0866FA07288E0A3E00A3ED64 = {
			isa = PBXGroup;
			children = (
				0866FA12288E0A3E00A3ED64 /* MyHabits */,
				0866FA11288E0A3E00A3ED64 /* Products */,
			);
			sourceTree = "<group>";
		};
		0866FA11288E0A3E00A3ED64 /* Products */ = {
			isa = PBXGroup;
			children = (
				0866FA10288E0A3E00A3ED64 /* MyHabits.app */,
			);
			name = Products;
			sourceTree = "<group>";
		};
		0866FA12288E0A3E00A3ED64 /* MyHabits */ = {
			isa = PBXGroup;
			children = (
				0866FA13288E0A3E00A3ED64 /* AppDelegate.swift */,
				0866FA15288E0A3E00A3ED64 /* SceneDelegate.swift */,
				0866FA2D28909FCA00A3ED64 /* MainTabBarController.swift */,
				0866FA17288E0A3E00A3ED64 /* HabitsViewController.swift */,
				089B737E28A704FE00AF5E23 /* ^ HabitsVC */,
				089B738028A7064500AF5E23 /* CreateOrEditHabit */,
				0866FA2F2890A9FA00A3ED64 /* InfoViewController.swift */,
				089B738628AAEB6B00AF5E23 /* ^ InfoVC */,
				089B737D28A703D400AF5E23 /* Related Data */,
				0866FA1C288E0A4200A3ED64 /* Assets.xcassets */,
				0866FA1E288E0A4200A3ED64 /* LaunchScreen.storyboard */,
				0866FA21288E0A4200A3ED64 /* Info.plist */,
				089B737B28A7035D00AF5E23 /* Garbage? */,
			);
			path = MyHabits;
			sourceTree = "<group>";
		};
		089B737B28A7035D00AF5E23 /* Garbage? */ = {
			isa = PBXGroup;
			children = (
				08A5669628A0076000564407 /* ColorPickerViewController.swift */,
			);
			path = "Garbage?";
			sourceTree = "<group>";
		};
		089B737D28A703D400AF5E23 /* Related Data */ = {
			isa = PBXGroup;
			children = (
				0866FA27288E1A0A00A3ED64 /* HabitStore.swift */,
				0866FA2B2890958F00A3ED64 /* Constants.swift */,
				0866FA29289092A700A3ED64 /* PublicMethods & Extns.swift */,
			);
			path = "Related Data";
			sourceTree = "<group>";
		};
		089B737E28A704FE00AF5E23 /* ^ HabitsVC */ = {
			isa = PBXGroup;
			children = (
				08A56694289EBEDA00564407 /* ProgressCollectionViewCell.swift */,
				08A56692289EA85500564407 /* HabitsCollectionViewCell.swift */,
			);
			path = "^ HabitsVC";
			sourceTree = "<group>";
		};
		089B738028A7064500AF5E23 /* CreateOrEditHabit */ = {
			isa = PBXGroup;
			children = (
				0866FA312894AC9B00A3ED64 /* HabitViewController.swift */,
				08A5668E2898817F00564407 /* HabitDetailsViewController.swift */,
				08A56690289C9C7100564407 /* HabitDetailsTableViewCell.swift */,
			);
			path = CreateOrEditHabit;
			sourceTree = "<group>";
		};
		089B738628AAEB6B00AF5E23 /* ^ InfoVC */ = {
			isa = PBXGroup;
			children = (
				089B738428AAEB5D00AF5E23 /* InfoTableViewCell.swift */,
			);
			path = "^ InfoVC";
			sourceTree = "<group>";
		};
/* End PBXGroup section */

/* Begin PBXNativeTarget section */
		0866FA0F288E0A3E00A3ED64 /* MyHabits */ = {
			isa = PBXNativeTarget;
			buildConfigurationList = 0866FA24288E0A4200A3ED64 /* Build configuration list for PBXNativeTarget "MyHabits" */;
			buildPhases = (
				0866FA0C288E0A3E00A3ED64 /* Sources */,
				0866FA0D288E0A3E00A3ED64 /* Frameworks */,
				0866FA0E288E0A3E00A3ED64 /* Resources */,
			);
			buildRules = (
			);
			dependencies = (
			);
			name = MyHabits;
			packageProductDependencies = (
				089B738228A70C4600AF5E23 /* TinyConstraints */,
			);
			productName = MyHabits;
			productReference = 0866FA10288E0A3E00A3ED64 /* MyHabits.app */;
			productType = "com.apple.product-type.application";
		};
/* End PBXNativeTarget section */

/* Begin PBXProject section */
		0866FA08288E0A3E00A3ED64 /* Project object */ = {
			isa = PBXProject;
			attributes = {
				BuildIndependentTargetsInParallel = 1;
				LastSwiftUpdateCheck = 1320;
				LastUpgradeCheck = 1320;
				TargetAttributes = {
					0866FA0F288E0A3E00A3ED64 = {
						CreatedOnToolsVersion = 13.2.1;
					};
				};
			};
			buildConfigurationList = 0866FA0B288E0A3E00A3ED64 /* Build configuration list for PBXProject "MyHabits" */;
			compatibilityVersion = "Xcode 13.0";
			developmentRegion = en;
			hasScannedForEncodings = 0;
			knownRegions = (
				en,
				Base,
			);
			mainGroup = 0866FA07288E0A3E00A3ED64;
			packageReferences = (
				089B738128A70C4600AF5E23 /* XCRemoteSwiftPackageReference "TinyConstraints" */,
			);
			productRefGroup = 0866FA11288E0A3E00A3ED64 /* Products */;
			projectDirPath = "";
			projectRoot = "";
			targets = (
				0866FA0F288E0A3E00A3ED64 /* MyHabits */,
			);
		};
/* End PBXProject section */

/* Begin PBXResourcesBuildPhase section */
		0866FA0E288E0A3E00A3ED64 /* Resources */ = {
			isa = PBXResourcesBuildPhase;
			buildActionMask = 2147483647;
			files = (
				0866FA20288E0A4200A3ED64 /* LaunchScreen.storyboard in Resources */,
				0866FA1D288E0A4200A3ED64 /* Assets.xcassets in Resources */,
			);
			runOnlyForDeploymentPostprocessing = 0;
		};
/* End PBXResourcesBuildPhase section */

/* Begin PBXSourcesBuildPhase section */
		0866FA0C288E0A3E00A3ED64 /* Sources */ = {
			isa = PBXSourcesBuildPhase;
			buildActionMask = 2147483647;
			files = (
				0866FA2A289092A700A3ED64 /* PublicMethods & Extns.swift in Sources */,
				08A56695289EBEDA00564407 /* ProgressCollectionViewCell.swift in Sources */,
				0866FA28288E1A0A00A3ED64 /* HabitStore.swift in Sources */,
				0866FA18288E0A3E00A3ED64 /* HabitsViewController.swift in Sources */,
				0866FA2E28909FCA00A3ED64 /* MainTabBarController.swift in Sources */,
				0866FA14288E0A3E00A3ED64 /* AppDelegate.swift in Sources */,
				089B738528AAEB5D00AF5E23 /* InfoTableViewCell.swift in Sources */,
				0866FA16288E0A3E00A3ED64 /* SceneDelegate.swift in Sources */,
				08A56693289EA85500564407 /* HabitsCollectionViewCell.swift in Sources */,
				0866FA302890A9FA00A3ED64 /* InfoViewController.swift in Sources */,
				0866FA322894AC9B00A3ED64 /* HabitViewController.swift in Sources */,
				08A5669728A0076000564407 /* ColorPickerViewController.swift in Sources */,
				08A5668F2898818000564407 /* HabitDetailsViewController.swift in Sources */,
				08A56691289C9C7100564407 /* HabitDetailsTableViewCell.swift in Sources */,
				0866FA2C2890958F00A3ED64 /* Constants.swift in Sources */,
			);
			runOnlyForDeploymentPostprocessing = 0;
		};
/* End PBXSourcesBuildPhase section */

/* Begin PBXVariantGroup section */
		0866FA1E288E0A4200A3ED64 /* LaunchScreen.storyboard */ = {
			isa = PBXVariantGroup;
			children = (
				0866FA1F288E0A4200A3ED64 /* Base */,
			);
			name = LaunchScreen.storyboard;
			sourceTree = "<group>";
		};
/* End PBXVariantGroup section */

/* Begin XCBuildConfiguration section */
		0866FA22288E0A4200A3ED64 /* Debug */ = {
			isa = XCBuildConfiguration;
			buildSettings = {
				ALWAYS_SEARCH_USER_PATHS = NO;
				CLANG_ANALYZER_NONNULL = YES;
				CLANG_ANALYZER_NUMBER_OBJECT_CONVERSION = YES_AGGRESSIVE;
				CLANG_CXX_LANGUAGE_STANDARD = "gnu++17";
				CLANG_CXX_LIBRARY = "libc++";
				CLANG_ENABLE_MODULES = YES;
				CLANG_ENABLE_OBJC_ARC = YES;
				CLANG_ENABLE_OBJC_WEAK = YES;
				CLANG_WARN_BLOCK_CAPTURE_AUTORELEASING = YES;
				CLANG_WARN_BOOL_CONVERSION = YES;
				CLANG_WARN_COMMA = YES;
				CLANG_WARN_CONSTANT_CONVERSION = YES;
				CLANG_WARN_DEPRECATED_OBJC_IMPLEMENTATIONS = YES;
				CLANG_WARN_DIRECT_OBJC_ISA_USAGE = YES_ERROR;
				CLANG_WARN_DOCUMENTATION_COMMENTS = YES;
				CLANG_WARN_EMPTY_BODY = YES;
				CLANG_WARN_ENUM_CONVERSION = YES;
				CLANG_WARN_INFINITE_RECURSION = YES;
				CLANG_WARN_INT_CONVERSION = YES;
				CLANG_WARN_NON_LITERAL_NULL_CONVERSION = YES;
				CLANG_WARN_OBJC_IMPLICIT_RETAIN_SELF = YES;
				CLANG_WARN_OBJC_LITERAL_CONVERSION = YES;
				CLANG_WARN_OBJC_ROOT_CLASS = YES_ERROR;
				CLANG_WARN_QUOTED_INCLUDE_IN_FRAMEWORK_HEADER = YES;
				CLANG_WARN_RANGE_LOOP_ANALYSIS = YES;
				CLANG_WARN_STRICT_PROTOTYPES = YES;
				CLANG_WARN_SUSPICIOUS_MOVE = YES;
				CLANG_WARN_UNGUARDED_AVAILABILITY = YES_AGGRESSIVE;
				CLANG_WARN_UNREACHABLE_CODE = YES;
				CLANG_WARN__DUPLICATE_METHOD_MATCH = YES;
				COPY_PHASE_STRIP = NO;
				DEBUG_INFORMATION_FORMAT = dwarf;
				ENABLE_STRICT_OBJC_MSGSEND = YES;
				ENABLE_TESTABILITY = YES;
				GCC_C_LANGUAGE_STANDARD = gnu11;
				GCC_DYNAMIC_NO_PIC = NO;
				GCC_NO_COMMON_BLOCKS = YES;
				GCC_OPTIMIZATION_LEVEL = 0;
				GCC_PREPROCESSOR_DEFINITIONS = (
					"DEBUG=1",
					"$(inherited)",
				);
				GCC_WARN_64_TO_32_BIT_CONVERSION = YES;
				GCC_WARN_ABOUT_RETURN_TYPE = YES_ERROR;
				GCC_WARN_UNDECLARED_SELECTOR = YES;
				GCC_WARN_UNINITIALIZED_AUTOS = YES_AGGRESSIVE;
				GCC_WARN_UNUSED_FUNCTION = YES;
				GCC_WARN_UNUSED_VARIABLE = YES;
				IPHONEOS_DEPLOYMENT_TARGET = 15.2;
				MTL_ENABLE_DEBUG_INFO = INCLUDE_SOURCE;
				MTL_FAST_MATH = YES;
				ONLY_ACTIVE_ARCH = YES;
				SDKROOT = iphoneos;
				SWIFT_ACTIVE_COMPILATION_CONDITIONS = DEBUG;
				SWIFT_OPTIMIZATION_LEVEL = "-Onone";
			};
			name = Debug;
		};
		0866FA23288E0A4200A3ED64 /* Release */ = {
			isa = XCBuildConfiguration;
			buildSettings = {
				ALWAYS_SEARCH_USER_PATHS = NO;
				CLANG_ANALYZER_NONNULL = YES;
				CLANG_ANALYZER_NUMBER_OBJECT_CONVERSION = YES_AGGRESSIVE;
				CLANG_CXX_LANGUAGE_STANDARD = "gnu++17";
				CLANG_CXX_LIBRARY = "libc++";
				CLANG_ENABLE_MODULES = YES;
				CLANG_ENABLE_OBJC_ARC = YES;
				CLANG_ENABLE_OBJC_WEAK = YES;
				CLANG_WARN_BLOCK_CAPTURE_AUTORELEASING = YES;
				CLANG_WARN_BOOL_CONVERSION = YES;
				CLANG_WARN_COMMA = YES;
				CLANG_WARN_CONSTANT_CONVERSION = YES;
				CLANG_WARN_DEPRECATED_OBJC_IMPLEMENTATIONS = YES;
				CLANG_WARN_DIRECT_OBJC_ISA_USAGE = YES_ERROR;
				CLANG_WARN_DOCUMENTATION_COMMENTS = YES;
				CLANG_WARN_EMPTY_BODY = YES;
				CLANG_WARN_ENUM_CONVERSION = YES;
				CLANG_WARN_INFINITE_RECURSION = YES;
				CLANG_WARN_INT_CONVERSION = YES;
				CLANG_WARN_NON_LITERAL_NULL_CONVERSION = YES;
				CLANG_WARN_OBJC_IMPLICIT_RETAIN_SELF = YES;
				CLANG_WARN_OBJC_LITERAL_CONVERSION = YES;
				CLANG_WARN_OBJC_ROOT_CLASS = YES_ERROR;
				CLANG_WARN_QUOTED_INCLUDE_IN_FRAMEWORK_HEADER = YES;
				CLANG_WARN_RANGE_LOOP_ANALYSIS = YES;
				CLANG_WARN_STRICT_PROTOTYPES = YES;
				CLANG_WARN_SUSPICIOUS_MOVE = YES;
				CLANG_WARN_UNGUARDED_AVAILABILITY = YES_AGGRESSIVE;
				CLANG_WARN_UNREACHABLE_CODE = YES;
				CLANG_WARN__DUPLICATE_METHOD_MATCH = YES;
				COPY_PHASE_STRIP = NO;
				DEBUG_INFORMATION_FORMAT = "dwarf-with-dsym";
				ENABLE_NS_ASSERTIONS = NO;
				ENABLE_STRICT_OBJC_MSGSEND = YES;
				GCC_C_LANGUAGE_STANDARD = gnu11;
				GCC_NO_COMMON_BLOCKS = YES;
				GCC_WARN_64_TO_32_BIT_CONVERSION = YES;
				GCC_WARN_ABOUT_RETURN_TYPE = YES_ERROR;
				GCC_WARN_UNDECLARED_SELECTOR = YES;
				GCC_WARN_UNINITIALIZED_AUTOS = YES_AGGRESSIVE;
				GCC_WARN_UNUSED_FUNCTION = YES;
				GCC_WARN_UNUSED_VARIABLE = YES;
				IPHONEOS_DEPLOYMENT_TARGET = 15.2;
				MTL_ENABLE_DEBUG_INFO = NO;
				MTL_FAST_MATH = YES;
				SDKROOT = iphoneos;
				SWIFT_COMPILATION_MODE = wholemodule;
				SWIFT_OPTIMIZATION_LEVEL = "-O";
				VALIDATE_PRODUCT = YES;
			};
			name = Release;
		};
		0866FA25288E0A4200A3ED64 /* Debug */ = {
			isa = XCBuildConfiguration;
			buildSettings = {
				ASSETCATALOG_COMPILER_APPICON_NAME = AppIcon;
				ASSETCATALOG_COMPILER_GLOBAL_ACCENT_COLOR_NAME = AccentColor;
				CODE_SIGN_STYLE = Automatic;
				CURRENT_PROJECT_VERSION = 1;
				DEVELOPMENT_TEAM = 9H5796GYSM;
				GENERATE_INFOPLIST_FILE = YES;
				INFOPLIST_FILE = MyHabits/Info.plist;
				INFOPLIST_KEY_UIApplicationSupportsIndirectInputEvents = YES;
				INFOPLIST_KEY_UILaunchStoryboardName = LaunchScreen;
				INFOPLIST_KEY_UISupportedInterfaceOrientations = UIInterfaceOrientationPortrait;
				INFOPLIST_KEY_UISupportedInterfaceOrientations_iPad = "UIInterfaceOrientationPortrait UIInterfaceOrientationPortraitUpsideDown UIInterfaceOrientationLandscapeLeft UIInterfaceOrientationLandscapeRight";
				INFOPLIST_KEY_UISupportedInterfaceOrientations_iPhone = "UIInterfaceOrientationPortrait UIInterfaceOrientationLandscapeLeft UIInterfaceOrientationLandscapeRight";
				IPHONEOS_DEPLOYMENT_TARGET = 15.2;
				LD_RUNPATH_SEARCH_PATHS = (
					"$(inherited)",
					"@executable_path/Frameworks",
				);
				MARKETING_VERSION = 1.0;
				PRODUCT_BUNDLE_IDENTIFIER = "Ja-Ja.MyHabits";
				PRODUCT_NAME = "$(TARGET_NAME)";
				SWIFT_EMIT_LOC_STRINGS = YES;
				SWIFT_VERSION = 5.0;
				TARGETED_DEVICE_FAMILY = "1,2";
			};
			name = Debug;
		};
		0866FA26288E0A4200A3ED64 /* Release */ = {
			isa = XCBuildConfiguration;
			buildSettings = {
				ASSETCATALOG_COMPILER_APPICON_NAME = AppIcon;
				ASSETCATALOG_COMPILER_GLOBAL_ACCENT_COLOR_NAME = AccentColor;
				CODE_SIGN_STYLE = Automatic;
				CURRENT_PROJECT_VERSION = 1;
				DEVELOPMENT_TEAM = 9H5796GYSM;
				GENERATE_INFOPLIST_FILE = YES;
				INFOPLIST_FILE = MyHabits/Info.plist;
				INFOPLIST_KEY_UIApplicationSupportsIndirectInputEvents = YES;
				INFOPLIST_KEY_UILaunchStoryboardName = LaunchScreen;
				INFOPLIST_KEY_UISupportedInterfaceOrientations = UIInterfaceOrientationPortrait;
				INFOPLIST_KEY_UISupportedInterfaceOrientations_iPad = "UIInterfaceOrientationPortrait UIInterfaceOrientationPortraitUpsideDown UIInterfaceOrientationLandscapeLeft UIInterfaceOrientationLandscapeRight";
				INFOPLIST_KEY_UISupportedInterfaceOrientations_iPhone = "UIInterfaceOrientationPortrait UIInterfaceOrientationLandscapeLeft UIInterfaceOrientationLandscapeRight";
				IPHONEOS_DEPLOYMENT_TARGET = 15.2;
				LD_RUNPATH_SEARCH_PATHS = (
					"$(inherited)",
					"@executable_path/Frameworks",
				);
				MARKETING_VERSION = 1.0;
				PRODUCT_BUNDLE_IDENTIFIER = "Ja-Ja.MyHabits";
				PRODUCT_NAME = "$(TARGET_NAME)";
				SWIFT_EMIT_LOC_STRINGS = YES;
				SWIFT_VERSION = 5.0;
				TARGETED_DEVICE_FAMILY = "1,2";
			};
			name = Release;
		};
/* End XCBuildConfiguration section */

/* Begin XCConfigurationList section */
		0866FA0B288E0A3E00A3ED64 /* Build configuration list for PBXProject "MyHabits" */ = {
			isa = XCConfigurationList;
			buildConfigurations = (
				0866FA22288E0A4200A3ED64 /* Debug */,
				0866FA23288E0A4200A3ED64 /* Release */,
			);
			defaultConfigurationIsVisible = 0;
			defaultConfigurationName = Release;
		};
		0866FA24288E0A4200A3ED64 /* Build configuration list for PBXNativeTarget "MyHabits" */ = {
			isa = XCConfigurationList;
			buildConfigurations = (
				0866FA25288E0A4200A3ED64 /* Debug */,
				0866FA26288E0A4200A3ED64 /* Release */,
			);
			defaultConfigurationIsVisible = 0;
			defaultConfigurationName = Release;
		};
/* End XCConfigurationList section */

/* Begin XCRemoteSwiftPackageReference section */
		089B738128A70C4600AF5E23 /* XCRemoteSwiftPackageReference "TinyConstraints" */ = {
			isa = XCRemoteSwiftPackageReference;
			repositoryURL = "https://github.com/roberthein/TinyConstraints.git";
			requirement = {
				kind = upToNextMajorVersion;
				minimumVersion = 4.0.0;
			};
		};
/* End XCRemoteSwiftPackageReference section */

/* Begin XCSwiftPackageProductDependency section */
		089B738228A70C4600AF5E23 /* TinyConstraints */ = {
			isa = XCSwiftPackageProductDependency;
			package = 089B738128A70C4600AF5E23 /* XCRemoteSwiftPackageReference "TinyConstraints" */;
			productName = TinyConstraints;
		};
/* End XCSwiftPackageProductDependency section */
	};
	rootObject = 0866FA08288E0A3E00A3ED64 /* Project object */;
}
